Microsoft Visual Studio Solution File, Format Version 12.00
# Visual Studio 2012
Project("{FAE04EC0-301F-11D3-BF4B-00C04F79EFBC}") = "Cats & Witches - 2D Platformer Test", "Cats & Witches - 2D Platformer Test.csproj", "{0DAED64B-8096-41C8-AD0D-04FA41549BAA}"
EndProject
Global
	GlobalSection(SolutionConfigurationPlatforms) = preSolution
	Debug|Any CPU = Debug|Any CPU
	ExportDebug|Any CPU = ExportDebug|Any CPU
	ExportRelease|Any CPU = ExportRelease|Any CPU
	EndGlobalSection
	GlobalSection(ProjectConfigurationPlatforms) = postSolution
		{0DAED64B-8096-41C8-AD0D-04FA41549BAA}.Debug|Any CPU.ActiveCfg = Debug|Any CPU
		{0DAED64B-8096-41C8-AD0D-04FA41549BAA}.Debug|Any CPU.Build.0 = Debug|Any CPU
		{0DAED64B-8096-41C8-AD0D-04FA41549BAA}.ExportDebug|Any CPU.ActiveCfg = ExportDebug|Any CPU
		{0DAED64B-8096-41C8-AD0D-04FA41549BAA}.ExportDebug|Any CPU.Build.0 = ExportDebug|Any CPU
		{0DAED64B-8096-41C8-AD0D-04FA41549BAA}.ExportRelease|Any CPU.ActiveCfg = ExportRelease|Any CPU
		{0DAED64B-8096-41C8-AD0D-04FA41549BAA}.ExportRelease|Any CPU.Build.0 = ExportRelease|Any CPU
	EndGlobalSection
EndGlobal
